
Microsoft Visual Studio Solution File, Format Version 12.00
# Visual Studio 15
VisualStudioVersion = 15.0.28307.438
MinimumVisualStudioVersion = 10.0.40219.1
Project("{FAE04EC0-301F-11D3-BF4B-00C04F79EFBC}") = "SampleProjects", "SampleProjects\SampleProjects.csproj", "{21BF4487-24A2-46F0-BA4F-43EDBA1BB2CA}"
EndProject
Global
	GlobalSection(SolutionConfigurationPlatforms) = preSolution
		Debug|Any CPU = Debug|Any CPU
		Release|Any CPU = Release|Any CPU
	EndGlobalSection
	GlobalSection(ProjectConfigurationPlatforms) = postSolution
		{21BF4487-24A2-46F0-BA4F-43EDBA1BB2CA}.Debug|Any CPU.ActiveCfg = Debug|Any CPU
		{21BF4487-24A2-46F0-BA4F-43EDBA1BB2CA}.Debug|Any CPU.Build.0 = Debug|Any CPU
		{21BF4487-24A2-46F0-BA4F-43EDBA1BB2CA}.Release|Any CPU.ActiveCfg = Release|Any CPU
		{21BF4487-24A2-46F0-BA4F-43EDBA1BB2CA}.Release|Any CPU.Build.0 = Release|Any CPU
	EndGlobalSection
	GlobalSection(SolutionProperties) = preSolution
		HideSolutionNode = FALSE
	EndGlobalSection
	GlobalSection(ExtensibilityGlobals) = postSolution
		SolutionGuid = {67381FD2-A802-41FA-8095-A866114DD02A}
	EndGlobalSection
EndGlobal
